
Microsoft Visual Studio Solution File, Format Version 12.00
# Visual Studio Version 17
VisualStudioVersion = 17.4.33213.308
MinimumVisualStudioVersion = 10.0.40219.1
Project("{FAE04EC0-301F-11D3-BF4B-00C04F79EFBC}") = "CadastroClientes", "CadastroClientes\CadastroClientes.csproj", "{13EF3B82-063B-45DE-B16B-60758E87C775}"
EndProject
Global
	GlobalSection(SolutionConfigurationPlatforms) = preSolution
		Debug|Any CPU = Debug|Any CPU
		Release|Any CPU = Release|Any CPU
	EndGlobalSection
	GlobalSection(ProjectConfigurationPlatforms) = postSolution
		{13EF3B82-063B-45DE-B16B-60758E87C775}.Debug|Any CPU.ActiveCfg = Debug|Any CPU
		{13EF3B82-063B-45DE-B16B-60758E87C775}.Debug|Any CPU.Build.0 = Debug|Any CPU
		{13EF3B82-063B-45DE-B16B-60758E87C775}.Release|Any CPU.ActiveCfg = Release|Any CPU
		{13EF3B82-063B-45DE-B16B-60758E87C775}.Release|Any CPU.Build.0 = Release|Any CPU
	EndGlobalSection
	GlobalSection(SolutionProperties) = preSolution
		HideSolutionNode = FALSE
	EndGlobalSection
	GlobalSection(ExtensibilityGlobals) = postSolution
		SolutionGuid = {E5798294-C063-4281-BBA7-557D31E44BF9}
	EndGlobalSection
EndGlobal
